
Microsoft Visual Studio Solution File, Format Version 12.00
# Visual Studio Version 17
VisualStudioVersion = 17.5.33502.453
MinimumVisualStudioVersion = 10.0.40219.1
Project("{FAE04EC0-301F-11D3-BF4B-00C04F79EFBC}") = "CSharpLeetcode", "CSharpLeetcode\CSharpLeetcode.csproj", "{42B31EF2-CF5B-446A-923F-4C534105D387}"
EndProject
Project("{2150E333-8FDC-42A3-9474-1A3956D46DE8}") = "Solution Items", "Solution Items", "{B32151BC-CB3D-4BE5-A2D1-D4C9B6A707CD}"
	ProjectSection(SolutionItems) = preProject
		.gitignore = .gitignore
	EndProjectSection
EndProject
Project("{FAE04EC0-301F-11D3-BF4B-00C04F79EFBC}") = "CSharpLeetcodeTest", "CSharpLeetcodeTest\CSharpLeetcodeTest.csproj", "{9A2F4AD9-E059-4690-AEDB-EAAD85E66E15}"
EndProject
Global
	GlobalSection(SolutionConfigurationPlatforms) = preSolution
		Debug|Any CPU = Debug|Any CPU
		Release|Any CPU = Release|Any CPU
	EndGlobalSection
	GlobalSection(ProjectConfigurationPlatforms) = postSolution
		{42B31EF2-CF5B-446A-923F-4C534105D387}.Debug|Any CPU.ActiveCfg = Debug|Any CPU
		{42B31EF2-CF5B-446A-923F-4C534105D387}.Debug|Any CPU.Build.0 = Debug|Any CPU
		{42B31EF2-CF5B-446A-923F-4C534105D387}.Release|Any CPU.ActiveCfg = Release|Any CPU
		{42B31EF2-CF5B-446A-923F-4C534105D387}.Release|Any CPU.Build.0 = Release|Any CPU
		{9A2F4AD9-E059-4690-AEDB-EAAD85E66E15}.Debug|Any CPU.ActiveCfg = Debug|Any CPU
		{9A2F4AD9-E059-4690-AEDB-EAAD85E66E15}.Debug|Any CPU.Build.0 = Debug|Any CPU
		{9A2F4AD9-E059-4690-AEDB-EAAD85E66E15}.Release|Any CPU.ActiveCfg = Release|Any CPU
		{9A2F4AD9-E059-4690-AEDB-EAAD85E66E15}.Release|Any CPU.Build.0 = Release|Any CPU
	EndGlobalSection
	GlobalSection(SolutionProperties) = preSolution
		HideSolutionNode = FALSE
	EndGlobalSection
	GlobalSection(ExtensibilityGlobals) = postSolution
		SolutionGuid = {E8DAE501-ED00-45C1-88C5-D93260CFF557}
	EndGlobalSection
EndGlobal
